{
  "name": "task5",
  "version": "1.0.0",
  "lockfileVersion": 3,
  "requires": true,
  "packages": {
    "": {
      "name": "task5",
      "version": "1.0.0",
      "license": "ISC",
      "dependencies": {
        "arquero": "^8.0.3"
      }
    },
    "node_modules/@uwdata/flechette": {
      "version": "2.2.6",
      "resolved": "https://registry.npmjs.org/@uwdata/flechette/-/flechette-2.2.6.tgz",
      "integrity": "sha512-DoeWHYWHvda7kaxa1BeKVp0+S9ZiqGoRxLC+z9uuYyfMLDQ+3vW4s4WVxnQYFJm8nshS5ezAsbKBN9ojCBtdEQ==",
      "license": "BSD-3-Clause"
    },
    "node_modules/acorn": {
      "version": "8.15.0",
      "resolved": "https://registry.npmjs.org/acorn/-/acorn-8.15.0.tgz",
      "integrity": "sha512-NZyJarBfL7nWwIq+FDL6Zp/yHEhePMNnnJ0y3qfieCrmNvYct8uvtiV41UvlSe6apAfk0fY1FbWx+NwfmpvtTg==",
      "license": "MIT",
      "bin": {
        "acorn": "bin/acorn"
      },
      "engines": {
        "node": ">=0.4.0"
      }
    },
    "node_modules/arquero": {
      "version": "8.0.3",
      "resolved": "https://registry.npmjs.org/arquero/-/arquero-8.0.3.tgz",
      "integrity": "sha512-7YQwe/GPVBUiahaPwEwgvu6VHyuhX0Ut61JZlIJYsAobOH5unLBwTmh43BobhX/N4dW1sb8WyKlQ8GjFq2whzQ==",
      "license": "BSD-3-Clause",
      "dependencies": {
        "@uwdata/flechette": "^2.0.0",
        "acorn": "^8.14.1"
      }
    }
  }
}
